
Microsoft Visual Studio Solution File, Format Version 12.00
# Visual Studio Version 16
VisualStudioVersion = 16.0.31729.503
MinimumVisualStudioVersion = 10.0.40219.1
Project("{FAE04EC0-301F-11D3-BF4B-00C04F79EFBC}") = "Inserting_Data_using_Ajax", "Inserting_Data_using_Ajax\Inserting_Data_using_Ajax.csproj", "{5CB756F8-E9D4-494B-894B-F1B3DB1C4C0A}"
EndProject
Global
	GlobalSection(SolutionConfigurationPlatforms) = preSolution
		Debug|Any CPU = Debug|Any CPU
		Release|Any CPU = Release|Any CPU
	EndGlobalSection
	GlobalSection(ProjectConfigurationPlatforms) = postSolution
		{5CB756F8-E9D4-494B-894B-F1B3DB1C4C0A}.Debug|Any CPU.ActiveCfg = Debug|Any CPU
		{5CB756F8-E9D4-494B-894B-F1B3DB1C4C0A}.Debug|Any CPU.Build.0 = Debug|Any CPU
		{5CB756F8-E9D4-494B-894B-F1B3DB1C4C0A}.Release|Any CPU.ActiveCfg = Release|Any CPU
		{5CB756F8-E9D4-494B-894B-F1B3DB1C4C0A}.Release|Any CPU.Build.0 = Release|Any CPU
	EndGlobalSection
	GlobalSection(SolutionProperties) = preSolution
		HideSolutionNode = FALSE
	EndGlobalSection
	GlobalSection(ExtensibilityGlobals) = postSolution
		SolutionGuid = {8D956858-DC89-47AF-BF8C-4DFAD49F11DE}
	EndGlobalSection
EndGlobal
